<?xml version="1.0" encoding="utf-8"?>
<Project ToolsVersion="4.0" xmlns="http://schemas.microsoft.com/developer/msbuild/2003">
  <ItemGroup>
    <Filter Include="Code">
      <UniqueIdentifier>{acf9fd63-0e04-4837-ac5a-bed64e5197f4}</UniqueIdentifier>
    </Filter>
    <Filter Include="Script">
      <UniqueIdentifier>{4d877c55-5d37-4ec1-8180-b72d93e1ef24}</UniqueIdentifier>
    </Filter>
    <Filter Include="Script\Header">
      <UniqueIdentifier>{1c085e9f-d426-4631-a196-28069d8968a3}</UniqueIdentifier>
    </Filter>
    <Filter Include="Script\Source">
      <UniqueIdentifier>{5e1786c5-a53c-45b5-94f0-9fe93d13330c}</UniqueIdentifier>
    </Filter>
    <Filter Include="Code\Header">
      <UniqueIdentifier>{cf246bee-7e26-4035-b2ee-20438b188541}</UniqueIdentifier>
    </Filter>
    <Filter Include="Code\Source">
      <UniqueIdentifier>{e4786142-42c4-4437-a037-9055c7352823}</UniqueIdentifier>
    </Filter>
    <Filter Include="Code\Header\Core">
      <UniqueIdentifier>{1bc8d2c3-a829-4ed1-9d95-5c4bd8bdaf62}</UniqueIdentifier>
    </Filter>
    <Filter Include="Code\Source\Core">
      <UniqueIdentifier>{b82f3cfa-d8aa-46dd-aa82-16aa8be98c01}</UniqueIdentifier>
    </Filter>
    <Filter Include="Code\Header\Component">
      <UniqueIdentifier>{8f5e01c4-be7a-4a53-96ba-ffa02e645c6b}</UniqueIdentifier>
    </Filter>
    <Filter Include="Code\Source\Component">
      <UniqueIdentifier>{bdf22065-0501-492a-b319-fb980772cbe2}</UniqueIdentifier>
    </Filter>
    <Filter Include="Code\Header\Scene">
      <UniqueIdentifier>{e4ce46fd-77b9-4569-b43e-0cb0a5933285}</UniqueIdentifier>
    </Filter>
    <Filter Include="Code\Source\Scene">
      <UniqueIdentifier>{7802bf43-1a39-4730-848e-2cf685fb3f06}</UniqueIdentifier>
    </Filter>
    <Filter Include="Shader">
      <UniqueIdentifier>{33dddc01-9a92-4627-9935-87557705fac1}</UniqueIdentifier>
    </Filter>
    <Filter Include="Code\Libraries">
      <UniqueIdentifier>{607742cf-2555-4993-9dc7-c4277c2b5cbb}</UniqueIdentifier>
    </Filter>
    <Filter Include="Code\Header\Resource">
      <UniqueIdentifier>{0987514f-936d-4a9a-9693-460cca0c9eaa}</UniqueIdentifier>
    </Filter>
    <Filter Include="Code\Source\Resource">
      <UniqueIdentifier>{1970f221-ae56-46f3-8a36-d3fe3d0b363b}</UniqueIdentifier>
    </Filter>
    <Filter Include="Code\Source\Manager">
      <UniqueIdentifier>{f1fd84f6-14bd-494b-b4e0-f205d4f4c902}</UniqueIdentifier>
    </Filter>
    <Filter Include="Code\Header\Manager">
      <UniqueIdentifier>{66d5febb-b40c-4c9b-b2df-59d7ead0c9bb}</UniqueIdentifier>
    </Filter>
    <Filter Include="Code\Header\Input">
      <UniqueIdentifier>{3034fa37-d609-40ab-8d60-3d4eab14a1e9}</UniqueIdentifier>
    </Filter>
    <Filter Include="Code\Source\Input">
      <UniqueIdentifier>{e4f83e83-b0fc-46b6-9046-6f347bc766b3}</UniqueIdentifier>
    </Filter>
    <Filter Include="Code\Source\Effect">
      <UniqueIdentifier>{199a084f-d8af-4d27-b8ec-b22422551942}</UniqueIdentifier>
    </Filter>
    <Filter Include="Code\Header\Effect">
      <UniqueIdentifier>{9d15af0e-ee46-4bc3-b496-db50c6ae5f52}</UniqueIdentifier>
    </Filter>
    <Filter Include="Shader\Gltf">
      <UniqueIdentifier>{d5881f1e-c56a-48a0-88cd-2b2466e97093}</UniqueIdentifier>
    </Filter>
    <Filter Include="Code\Libraries\ImGui">
      <UniqueIdentifier>{d5209d72-b2a8-466b-98c0-89f53010a198}</UniqueIdentifier>
    </Filter>
    <Filter Include="Shader\Debug">
      <UniqueIdentifier>{20e772bb-e8ec-49e0-bc43-2ce5b64d0ed7}</UniqueIdentifier>
    </Filter>
    <Filter Include="Shader\PostEffect">
      <UniqueIdentifier>{2b0072f5-045e-4d4d-b36f-fcb14e23b8b6}</UniqueIdentifier>
    </Filter>
    <Filter Include="Shader\Particle">
      <UniqueIdentifier>{e599c1e0-7e58-4eb7-afb0-dc547eed1a48}</UniqueIdentifier>
    </Filter>
  </ItemGroup>
  <ItemGroup>
    <ClInclude Include="Code\Header\Actor.h">
      <Filter>Code\Header</Filter>
    </ClInclude>
    <ClInclude Include="Code\Header\MathHelper.h">
      <Filter>Code\Header</Filter>
    </ClInclude>
    <ClInclude Include="Code\Header\Camera.h">
      <Filter>Code\Header\Component</Filter>
    </ClInclude>
    <ClInclude Include="Code\Header\Component.h">
      <Filter>Code\Header\Component</Filter>
    </ClInclude>
    <ClInclude Include="Code\Header\Renderer.h">
      <Filter>Code\Header\Component</Filter>
    </ClInclude>
    <ClInclude Include="Code\Header\SpriteRenderer.h">
      <Filter>Code\Header\Component</Filter>
    </ClInclude>
    <ClInclude Include="Code\Header\SkeletalMesh.h">
      <Filter>Code\Header\Component</Filter>
    </ClInclude>
    <ClInclude Include="Code\Header\Transform.h">
      <Filter>Code\Header\Component</Filter>
    </ClInclude>
    <ClInclude Include="Code\Header\AssetManager.h">
      <Filter>Code\Header\Manager</Filter>
    </ClInclude>
    <ClInclude Include="Code\Header\RenderManager.h">
      <Filter>Code\Header\Manager</Filter>
    </ClInclude>
    <ClInclude Include="Code\Header\SceneManager.h">
      <Filter>Code\Header\Manager</Filter>
    </ClInclude>
    <ClInclude Include="Code\Header\Texture.h">
      <Filter>Code\Header\Resource</Filter>
    </ClInclude>
    <ClInclude Include="Code\Header\Asset.h">
      <Filter>Code\Header\Resource</Filter>
    </ClInclude>
    <ClInclude Include="Code\Header\DXSystem.h">
      <Filter>Code\Header\Core</Filter>
    </ClInclude>
    <ClInclude Include="Code\Header\Engine.h">
      <Filter>Code\Header\Core</Filter>
    </ClInclude>
    <ClInclude Include="Code\Header\SystemFunction.h">
      <Filter>Code\Header\Core</Filter>
    </ClInclude>
    <ClInclude Include="Code\Header\Misc.h">
      <Filter>Code\Header\Core</Filter>
    </ClInclude>
    <ClInclude Include="Code\Header\TestScene.h">
      <Filter>Code\Header\Scene</Filter>
    </ClInclude>
    <ClInclude Include="Code\Header\Scene.h">
      <Filter>Code\Header\Scene</Filter>
    </ClInclude>
    <ClInclude Include="Code\Header\StaticMeshBatching.h">
      <Filter>Code\Header\Resource</Filter>
    </ClInclude>
    <ClInclude Include="Code\Header\Shader.h">
      <Filter>Code\Header\Resource</Filter>
    </ClInclude>
    <ClInclude Include="Code\Header\GamePad.h">
      <Filter>Code\Header\Input</Filter>
    </ClInclude>
    <ClInclude Include="Code\Header\Input.h">
      <Filter>Code\Header\Input</Filter>
    </ClInclude>
    <ClInclude Include="Code\Header\Mouse.h">
      <Filter>Code\Header\Input</Filter>
    </ClInclude>
    <ClInclude Include="Code\Header\Keyboard.h">
      <Filter>Code\Header\Input</Filter>
    </ClInclude>
    <ClInclude Include="Code\Header\StaticMesh.h">
      <Filter>Code\Header\Component</Filter>
    </ClInclude>
    <ClInclude Include="Code\Header\GeometricSubstance.h">
      <Filter>Code\Header\Resource</Filter>
    </ClInclude>
    <ClInclude Include="Code\Header\Bloom.h">
      <Filter>Code\Header\Effect</Filter>
    </ClInclude>
    <ClInclude Include="Code\Header\GltfSkeletalMesh.h">
      <Filter>Code\Header\Resource</Filter>
    </ClInclude>
    <ClInclude Include="Code\Header\BoundingBox.h">
      <Filter>Code\Header\Resource</Filter>
    </ClInclude>
    <ClInclude Include="External\imgui\imconfig.h">
      <Filter>Code\Libraries\ImGui</Filter>
    </ClInclude>
    <ClInclude Include="External\imgui\imgui.h">
      <Filter>Code\Libraries\ImGui</Filter>
    </ClInclude>
    <ClInclude Include="External\imgui\imgui_impl_dx11.h">
      <Filter>Code\Libraries\ImGui</Filter>
    </ClInclude>
    <ClInclude Include="External\imgui\imgui_impl_win32.h">
      <Filter>Code\Libraries\ImGui</Filter>
    </ClInclude>
    <ClInclude Include="External\imgui\imgui_internal.h">
      <Filter>Code\Libraries\ImGui</Filter>
    </ClInclude>
    <ClInclude Include="External\imgui\ImGuiCtrl.h">
      <Filter>Code\Libraries\ImGui</Filter>
    </ClInclude>
    <ClInclude Include="External\imgui\imstb_rectpack.h">
      <Filter>Code\Libraries\ImGui</Filter>
    </ClInclude>
    <ClInclude Include="External\imgui\imstb_textedit.h">
      <Filter>Code\Libraries\ImGui</Filter>
    </ClInclude>
    <ClInclude Include="External\imgui\imstb_truetype.h">
      <Filter>Code\Libraries\ImGui</Filter>
    </ClInclude>
    <ClInclude Include="Code\Header\FrameBuffer.h">
      <Filter>Code\Header\Resource</Filter>
    </ClInclude>
    <ClInclude Include="Code\Header\FullscreenQuad.h">
      <Filter>Code\Header\Resource</Filter>
    </ClInclude>
    <ClInclude Include="Code\Header\CascadedShadowMap.h">
      <Filter>Code\Header\Effect</Filter>
    </ClInclude>
    <ClInclude Include="Code\Header\Skybox.h">
      <Filter>Code\Header\Resource</Filter>
    </ClInclude>
    <ClInclude Include="Code\Header\GltfStaticMesh.h">
      <Filter>Code\Header\Resource</Filter>
    </ClInclude>
    <ClInclude Include="Code\Header\ConstantBuffer.h">
      <Filter>Code\Header\Resource</Filter>
    </ClInclude>
    <ClInclude Include="Code\Header\Animation.h">
      <Filter>Code\Header\Resource</Filter>
    </ClInclude>
    <ClInclude Include="Scripts\Header\Player.h">
      <Filter>Script\Header</Filter>
    </ClInclude>
    <ClInclude Include="Code\Header\Character.h">
      <Filter>Code\Header</Filter>
    </ClInclude>
    <ClInclude Include="Code\Header\CharacterManager.h">
      <Filter>Code\Header\Manager</Filter>
    </ClInclude>
    <ClInclude Include="Code\Header\DebugRenderer.h">
      <Filter>Code\Header\Resource</Filter>
    </ClInclude>
    <ClInclude Include="Code\Header\LineRenderer.h">
      <Filter>Code\Header\Resource</Filter>
    </ClInclude>
    <ClInclude Include="Code\Header\Effect.h">
      <Filter>Code\Header\Effect</Filter>
    </ClInclude>
    <ClInclude Include="Code\Header\EffectManager.h">
      <Filter>Code\Header\Manager</Filter>
    </ClInclude>
    <ClInclude Include="Code\Header\Animator.h">
      <Filter>Code\Header\Component</Filter>
    </ClInclude>
    <ClInclude Include="Scripts\Header\HumanoidWeapon.h">
      <Filter>Script\Header</Filter>
    </ClInclude>
    <ClInclude Include="Scripts\Header\Vitesse.h">
      <Filter>Script\Header</Filter>
    </ClInclude>
    <ClInclude Include="Code\Header\ShapeRenderer.h">
      <Filter>Code\Header\Resource</Filter>
    </ClInclude>
    <ClInclude Include="Code\Header\PrimitiveRenderer.h">
      <Filter>Code\Header\Resource</Filter>
    </ClInclude>
    <ClInclude Include="Scripts\Header\SceneGame.h">
      <Filter>Script\Header</Filter>
    </ClInclude>
    <ClInclude Include="Scripts\Header\SceneTitle.h">
      <Filter>Script\Header</Filter>
    </ClInclude>
    <ClInclude Include="Scripts\Header\Stage.h">
      <Filter>Script\Header</Filter>
    </ClInclude>
    <ClInclude Include="Code\Header\GltfCollisionMesh.h">
      <Filter>Code\Header\Resource</Filter>
    </ClInclude>
    <ClInclude Include="Scripts\Header\StageManager.h">
      <Filter>Script\Header</Filter>
    </ClInclude>
    <ClInclude Include="Code\Header\MeshCollider.h">
      <Filter>Code\Header\Component</Filter>
    </ClInclude>
    <ClInclude Include="Code\Header\Collider.h">
      <Filter>Code\Header\Component</Filter>
    </ClInclude>
    <ClInclude Include="Code\Header\CollisionManager.h">
      <Filter>Code\Header\Manager</Filter>
    </ClInclude>
    <ClInclude Include="Code\Header\State.h">
      <Filter>Code\Header</Filter>
    </ClInclude>
    <ClInclude Include="Code\Header\StateMachine.h">
      <Filter>Code\Header</Filter>
    </ClInclude>
    <ClInclude Include="Scripts\Header\VitesseState.h">
      <Filter>Script\Header</Filter>
    </ClInclude>
    <ClInclude Include="Code\Header\Easing.h">
      <Filter>Code\Header</Filter>
    </ClInclude>
    <ClInclude Include="Scripts\Header\VitesseConstants.h">
      <Filter>Script\Header</Filter>
    </ClInclude>
    <ClInclude Include="Scripts\Header\VitesseAnimState.h">
      <Filter>Script\Header</Filter>
    </ClInclude>
    <ClInclude Include="Scripts\Header\ThrusterEffect.h">
      <Filter>Script\Header</Filter>
    </ClInclude>
    <ClInclude Include="Scripts\Header\FacilityScene.h" />
    <ClInclude Include="Code\Header\Particles.h">
      <Filter>Code\Header\Effect</Filter>
    </ClInclude>
  </ItemGroup>
  <ItemGroup>
    <ClCompile Include="Code\Source\MathHelper.cpp">
      <Filter>Code\Source</Filter>
    </ClCompile>
    <ClCompile Include="Code\Source\Engine.cpp">
      <Filter>Code\Source\Core</Filter>
    </ClCompile>
    <ClCompile Include="Code\Source\Main.cpp">
      <Filter>Code\Source\Core</Filter>
    </ClCompile>
    <ClCompile Include="Code\Source\Scene.cpp">
      <Filter>Code\Source\Scene</Filter>
    </ClCompile>
    <ClCompile Include="Code\Source\SpriteRenderer.cpp">
      <Filter>Code\Source\Component</Filter>
    </ClCompile>
    <ClCompile Include="Code\Source\SkeltalMesh.cpp">
      <Filter>Code\Source\Component</Filter>
    </ClCompile>
    <ClCompile Include="Code\Source\Transform.cpp">
      <Filter>Code\Source\Component</Filter>
    </ClCompile>
    <ClCompile Include="Code\Source\Component.cpp">
      <Filter>Code\Source\Component</Filter>
    </ClCompile>
    <ClCompile Include="Code\Source\Camera.cpp">
      <Filter>Code\Source\Component</Filter>
    </ClCompile>
    <ClCompile Include="Code\Source\StaticMeshBatching.cpp">
      <Filter>Code\Source\Resource</Filter>
    </ClCompile>
    <ClCompile Include="Code\Source\Texture.cpp">
      <Filter>Code\Source\Resource</Filter>
    </ClCompile>
    <ClCompile Include="Code\Source\Shader.cpp">
      <Filter>Code\Source\Resource</Filter>
    </ClCompile>
    <ClCompile Include="Code\Source\Asset.cpp">
      <Filter>Code\Source\Resource</Filter>
    </ClCompile>
    <ClCompile Include="Code\Source\SystemFunction.cpp">
      <Filter>Code\Source\Core</Filter>
    </ClCompile>
    <ClCompile Include="Code\Source\Renderer.cpp">
      <Filter>Code\Source\Component</Filter>
    </ClCompile>
    <ClCompile Include="Code\Source\RenderManager.cpp">
      <Filter>Code\Source\Manager</Filter>
    </ClCompile>
    <ClCompile Include="Code\Source\SceneManager.cpp">
      <Filter>Code\Source\Manager</Filter>
    </ClCompile>
    <ClCompile Include="Code\Source\AssetManager.cpp">
      <Filter>Code\Source\Manager</Filter>
    </ClCompile>
    <ClCompile Include="Code\Source\GamePad.cpp">
      <Filter>Code\Source\Input</Filter>
    </ClCompile>
    <ClCompile Include="Code\Source\Input.cpp">
      <Filter>Code\Source\Input</Filter>
    </ClCompile>
    <ClCompile Include="Code\Source\Mouse.cpp">
      <Filter>Code\Source\Input</Filter>
    </ClCompile>
    <ClCompile Include="Code\Source\Keyboard.cpp">
      <Filter>Code\Source\Input</Filter>
    </ClCompile>
    <ClCompile Include="Code\Source\StaticMesh.cpp">
      <Filter>Code\Source\Component</Filter>
    </ClCompile>
    <ClCompile Include="Code\Source\GeometricSubstance.cpp">
      <Filter>Code\Source\Resource</Filter>
    </ClCompile>
    <ClCompile Include="Code\Source\Bloom.cpp">
      <Filter>Code\Source\Effect</Filter>
    </ClCompile>
    <ClCompile Include="Code\Source\FrameBuffer.cpp">
      <Filter>Code\Source\Effect</Filter>
    </ClCompile>
    <ClCompile Include="Code\Source\FullscreenQuad.cpp">
      <Filter>Code\Source\Effect</Filter>
    </ClCompile>
    <ClCompile Include="Code\Source\GltfSkeletalMesh.cpp">
      <Filter>Code\Source\Resource</Filter>
    </ClCompile>
    <ClCompile Include="External\imgui\imgui.cpp">
      <Filter>Code\Libraries\ImGui</Filter>
    </ClCompile>
    <ClCompile Include="External\imgui\imgui_demo.cpp">
      <Filter>Code\Libraries\ImGui</Filter>
    </ClCompile>
    <ClCompile Include="External\imgui\imgui_draw.cpp">
      <Filter>Code\Libraries\ImGui</Filter>
    </ClCompile>
    <ClCompile Include="External\imgui\imgui_impl_dx11.cpp">
      <Filter>Code\Libraries\ImGui</Filter>
    </ClCompile>
    <ClCompile Include="External\imgui\imgui_impl_win32.cpp">
      <Filter>Code\Libraries\ImGui</Filter>
    </ClCompile>
    <ClCompile Include="External\imgui\imgui_tables.cpp">
      <Filter>Code\Libraries\ImGui</Filter>
    </ClCompile>
    <ClCompile Include="External\imgui\imgui_widgets.cpp">
      <Filter>Code\Libraries\ImGui</Filter>
    </ClCompile>
    <ClCompile Include="External\imgui\ImGuiCtrl.cpp">
      <Filter>Code\Libraries\ImGui</Filter>
    </ClCompile>
    <ClCompile Include="Code\Source\CascadedShadowMap.cpp">
      <Filter>Code\Source\Effect</Filter>
    </ClCompile>
    <ClCompile Include="Code\Source\Skybox.cpp">
      <Filter>Code\Source\Resource</Filter>
    </ClCompile>
    <ClCompile Include="Code\Source\GltfStaticMesh.cpp">
      <Filter>Code\Source\Resource</Filter>
    </ClCompile>
    <ClCompile Include="Code\Source\Animation.cpp">
      <Filter>Code\Source\Resource</Filter>
    </ClCompile>
    <ClCompile Include="Scripts\Source\Player.cpp">
      <Filter>Script\Source</Filter>
    </ClCompile>
    <ClCompile Include="Code\Source\CharacterManager.cpp">
      <Filter>Code\Source\Manager</Filter>
    </ClCompile>
    <ClCompile Include="Code\Source\DebugRenderer.cpp">
      <Filter>Code\Source\Resource</Filter>
    </ClCompile>
    <ClCompile Include="Code\Source\LineRenderer.cpp">
      <Filter>Code\Source\Resource</Filter>
    </ClCompile>
    <ClCompile Include="Code\Source\Effect.cpp">
      <Filter>Code\Source\Effect</Filter>
    </ClCompile>
    <ClCompile Include="Code\Source\EffectManager.cpp">
      <Filter>Code\Source\Manager</Filter>
    </ClCompile>
    <ClCompile Include="Code\Source\DXSystem.cpp">
      <Filter>Code\Source\Core</Filter>
    </ClCompile>
    <ClCompile Include="Code\Source\Animator.cpp">
      <Filter>Code\Source\Component</Filter>
    </ClCompile>
    <ClCompile Include="Scripts\Source\HumanoidWeapon.cpp">
      <Filter>Script\Source</Filter>
    </ClCompile>
    <ClCompile Include="Scripts\Source\Vitesse.cpp">
      <Filter>Script\Source</Filter>
    </ClCompile>
    <ClCompile Include="Code\Source\ShapeRenderer.cpp">
      <Filter>Code\Source\Resource</Filter>
    </ClCompile>
    <ClCompile Include="Code\Source\PrimitiveRenderer.cpp">
      <Filter>Code\Source\Resource</Filter>
    </ClCompile>
    <ClCompile Include="Scripts\Source\SceneGame.cpp">
      <Filter>Script\Source</Filter>
    </ClCompile>
    <ClCompile Include="Scripts\Source\SceneTitle.cpp">
      <Filter>Script\Source</Filter>
    </ClCompile>
    <ClCompile Include="Scripts\Source\Stage.cpp">
      <Filter>Script\Source</Filter>
    </ClCompile>
    <ClCompile Include="Code\Source\GltfCollisionMesh.cpp">
      <Filter>Code\Source\Resource</Filter>
    </ClCompile>
    <ClCompile Include="Code\Source\TestScene.cpp">
      <Filter>Code\Source\Scene</Filter>
    </ClCompile>
    <ClCompile Include="Code\Source\MeshCollider.cpp">
      <Filter>Code\Source\Component</Filter>
    </ClCompile>
    <ClCompile Include="Code\Source\Collider.cpp">
      <Filter>Code\Source\Component</Filter>
    </ClCompile>
    <ClCompile Include="Code\Source\Character.cpp">
      <Filter>Code\Source\Component</Filter>
    </ClCompile>
    <ClCompile Include="Code\Source\Actor.cpp">
      <Filter>Code\Source\Core</Filter>
    </ClCompile>
    <ClCompile Include="Code\Source\CollisionManager.cpp">
      <Filter>Code\Source\Manager</Filter>
    </ClCompile>
    <ClCompile Include="Scripts\Source\StageManager.cpp">
      <Filter>Script\Source</Filter>
    </ClCompile>
    <ClCompile Include="Scripts\Source\VitesseState.cpp">
      <Filter>Script\Source</Filter>
    </ClCompile>
    <ClCompile Include="Scripts\Source\VitesseConstants.cpp">
      <Filter>Script\Source</Filter>
    </ClCompile>
    <ClCompile Include="Scripts\Source\VitesseAnimState.cpp">
      <Filter>Script\Source</Filter>
    </ClCompile>
    <ClCompile Include="Scripts\Source\ThrusterEffect.cpp">
      <Filter>Script\Source</Filter>
    </ClCompile>
    <ClCompile Include="Scripts\Source\FacilityScene.cpp" />
    <ClCompile Include="Code\Source\Particles.cpp">
      <Filter>Code\Source\Effect</Filter>
    </ClCompile>
  </ItemGroup>
  <ItemGroup>
    <FxCompile Include="Shader\SpritePS.hlsl">
      <Filter>Shader</Filter>
    </FxCompile>
    <FxCompile Include="Shader\SpriteVS.hlsl">
      <Filter>Shader</Filter>
    </FxCompile>
    <FxCompile Include="Shader\FinalPassPS.hlsl">
      <Filter>Shader</Filter>
    </FxCompile>
    <FxCompile Include="Shader\CsmTransparentGS.hlsl">
      <Filter>Shader\Gltf</Filter>
    </FxCompile>
    <FxCompile Include="Shader\CsmTransparentPS.hlsl">
      <Filter>Shader\Gltf</Filter>
    </FxCompile>
    <FxCompile Include="Shader\CsmTransparentSkeletalMeshVS.hlsl">
      <Filter>Shader\Gltf</Filter>
    </FxCompile>
    <FxCompile Include="Shader\CsmTransparentStaticMeshVS.hlsl">
      <Filter>Shader\Gltf</Filter>
    </FxCompile>
    <FxCompile Include="Shader\GeometricSubstancePS.hlsl">
      <Filter>Shader\Gltf</Filter>
    </FxCompile>
    <FxCompile Include="Shader\SkeletalMeshVS.hlsl">
      <Filter>Shader\Gltf</Filter>
    </FxCompile>
    <FxCompile Include="Shader\StaticMeshVS.hlsl">
      <Filter>Shader\Gltf</Filter>
    </FxCompile>
    <FxCompile Include="Shader\SkyboxPS.hlsl">
      <Filter>Shader</Filter>
    </FxCompile>
    <FxCompile Include="Shader\ToneMapPS.hlsl">
      <Filter>Shader</Filter>
    </FxCompile>
    <FxCompile Include="Shader\CsmOpaqueGS.hlsl">
      <Filter>Shader\Gltf</Filter>
    </FxCompile>
    <FxCompile Include="Shader\CsmOpaqueSkeletalMeshVS.hlsl">
      <Filter>Shader\Gltf</Filter>
    </FxCompile>
    <FxCompile Include="Shader\CsmOpaqueStaticMeshVS.hlsl">
      <Filter>Shader\Gltf</Filter>
    </FxCompile>
    <FxCompile Include="Shader\GeometricSubstanceGBufferPS.hlsl">
      <Filter>Shader\Gltf</Filter>
    </FxCompile>
    <FxCompile Include="Shader\DebugPS.hlsl">
      <Filter>Shader\Debug</Filter>
    </FxCompile>
    <FxCompile Include="Shader\DebugVS.hlsl">
      <Filter>Shader\Debug</Filter>
    </FxCompile>
    <FxCompile Include="Shader\PrimitiveRendererPS.hlsl">
      <Filter>Shader\Debug</Filter>
    </FxCompile>
    <FxCompile Include="Shader\PrimitiveRendererVS.hlsl">
      <Filter>Shader\Debug</Filter>
    </FxCompile>
    <FxCompile Include="Shader\LinePS.hlsl">
      <Filter>Shader\Debug</Filter>
    </FxCompile>
    <FxCompile Include="Shader\LineVS.hlsl">
      <Filter>Shader\Debug</Filter>
    </FxCompile>
    <FxCompile Include="Shader\GaussianBlurDownsamplingPS.hlsl">
      <Filter>Shader\PostEffect</Filter>
    </FxCompile>
    <FxCompile Include="Shader\GaussianBlurHorizontalPS.hlsl">
      <Filter>Shader\PostEffect</Filter>
    </FxCompile>
    <FxCompile Include="Shader\GaussianBlurUpsamplingPS.hlsl">
      <Filter>Shader\PostEffect</Filter>
    </FxCompile>
    <FxCompile Include="Shader\GaussianBlurVerticalPS.hlsl">
      <Filter>Shader\PostEffect</Filter>
    </FxCompile>
    <FxCompile Include="Shader\FullscreenQuadPS.hlsl">
      <Filter>Shader\PostEffect</Filter>
    </FxCompile>
    <FxCompile Include="Shader\FullscreenQuadVS.hlsl">
      <Filter>Shader\PostEffect</Filter>
    </FxCompile>
    <FxCompile Include="Shader\PostEffectsPS.hlsl">
      <Filter>Shader\PostEffect</Filter>
    </FxCompile>
    <FxCompile Include="Shader\GlowExtractionPS.hlsl">
      <Filter>Shader\PostEffect</Filter>
    </FxCompile>
    <FxCompile Include="Shader\ShapeRendererPS.hlsl">
      <Filter>Shader\Debug</Filter>
    </FxCompile>
    <FxCompile Include="Shader\ShapeRendererVS.hlsl">
      <Filter>Shader\Debug</Filter>
    </FxCompile>
    <FxCompile Include="Shader\ParticleGS.hlsl">
      <Filter>Shader\Particle</Filter>
    </FxCompile>
    <FxCompile Include="Shader\ParticlePS.hlsl">
      <Filter>Shader\Particle</Filter>
    </FxCompile>
    <FxCompile Include="Shader\ParticleVS.hlsl">
      <Filter>Shader\Particle</Filter>
    </FxCompile>
    <FxCompile Include="Shader\InitializeParticleCS.hlsl">
      <Filter>Shader\Particle</Filter>
    </FxCompile>
    <FxCompile Include="Shader\IntegrateParticleCS.hlsl">
      <Filter>Shader\Particle</Filter>
    </FxCompile>
  </ItemGroup>
  <ItemGroup>
    <None Include="Shader\BidirectionalReflectanceDistributionFunction.hlsli">
      <Filter>Shader</Filter>
    </None>
    <None Include="Shader\ImageBasedLighting.hlsli">
      <Filter>Shader</Filter>
    </None>
    <None Include="Shader\Common.hlsli">
      <Filter>Shader</Filter>
    </None>
    <None Include="Shader\CsmTransparent.hlsli">
      <Filter>Shader\Gltf</Filter>
    </None>
    <None Include="Shader\GeometricSubstance.hlsli">
      <Filter>Shader\Gltf</Filter>
    </None>
    <None Include="Shader\Material.hlsli">
      <Filter>Shader\Gltf</Filter>
    </None>
    <None Include="Shader\PhysicallyBasedRendering.hlsli">
      <Filter>Shader\Gltf</Filter>
    </None>
    <None Include="Shader\Constants.hlsli">
      <Filter>Shader</Filter>
    </None>
    <None Include="Shader\CsmOpaque.hlsli">
      <Filter>Shader\Gltf</Filter>
    </None>
    <None Include="Shader\GBuffer.hlsli">
      <Filter>Shader</Filter>
    </None>
    <None Include="Shader\Debug.hlsli">
      <Filter>Shader\Debug</Filter>
    </None>
    <None Include="Shader\PrimitiveRenderer.hlsli">
      <Filter>Shader\Debug</Filter>
    </None>
    <None Include="Shader\Line.hlsli">
      <Filter>Shader\Debug</Filter>
    </None>
    <None Include="Shader\Bloom.hlsli">
      <Filter>Shader\PostEffect</Filter>
    </None>
    <None Include="Shader\FullscreenQuad.hlsli">
      <Filter>Shader\PostEffect</Filter>
    </None>
    <None Include="Shader\ShapeRenderer.hlsli">
      <Filter>Shader\Debug</Filter>
    </None>
    <None Include="cpp.hint" />
    <None Include="Shader\Particle.hlsli">
      <Filter>Shader\Particle</Filter>
    </None>
  </ItemGroup>
</Project>