<?xml version="1.0" encoding="utf-8"?>
<Project ToolsVersion="4.0" xmlns="http://schemas.microsoft.com/developer/msbuild/2003">
  <ItemGroup>
    <Filter Include="Code">
      <UniqueIdentifier>{acf9fd63-0e04-4837-ac5a-bed64e5197f4}</UniqueIdentifier>
    </Filter>
    <Filter Include="Script">
      <UniqueIdentifier>{4d877c55-5d37-4ec1-8180-b72d93e1ef24}</UniqueIdentifier>
    </Filter>
    <Filter Include="Script\Header">
      <UniqueIdentifier>{1c085e9f-d426-4631-a196-28069d8968a3}</UniqueIdentifier>
    </Filter>
    <Filter Include="Script\Source">
      <UniqueIdentifier>{5e1786c5-a53c-45b5-94f0-9fe93d13330c}</UniqueIdentifier>
    </Filter>
    <Filter Include="Code\Core">
      <UniqueIdentifier>{1bc8d2c3-a829-4ed1-9d95-5c4bd8bdaf62}</UniqueIdentifier>
    </Filter>
  </ItemGroup>
  <ItemGroup>
    <ClInclude Include="Code\Header\Misc.h">
      <Filter>Code\Core</Filter>
    </ClInclude>
    <ClInclude Include="Code\Header\DxSystem.h">
      <Filter>Code\Core</Filter>
    </ClInclude>
    <ClInclude Include="Code\Header\Engine.h">
      <Filter>Code\Core</Filter>
    </ClInclude>
  </ItemGroup>
  <ItemGroup>
    <ClCompile Include="Code\Source\DxSystem.cpp">
      <Filter>Code\Core</Filter>
    </ClCompile>
    <ClCompile Include="Code\Source\Main.cpp">
      <Filter>Code\Core</Filter>
    </ClCompile>
    <ClCompile Include="Code\Source\Engine.cpp">
      <Filter>Code\Core</Filter>
    </ClCompile>
  </ItemGroup>
</Project>